
Microsoft Visual Studio Solution File, Format Version 12.00
# Visual Studio Version 17
VisualStudioVersion = 17.2.32526.322
MinimumVisualStudioVersion = 10.0.40219.1
Project("{9A19103F-16F7-4668-BE54-9A1E7A4F7556}") = "DataAccess", "DataAccess\DataAccess.csproj", "{EF60C7A6-DFB3-418A-8526-97D941E11E69}"
EndProject
Project("{9A19103F-16F7-4668-BE54-9A1E7A4F7556}") = "Business", "Business\Business.csproj", "{843464E7-E679-4D77-95D1-217021671F44}"
EndProject
Project("{9A19103F-16F7-4668-BE54-9A1E7A4F7556}") = "Entities", "Entities\Entities.csproj", "{8673BF99-3E32-4CB8-B4C1-50F9EF9E6762}"
EndProject
Project("{9A19103F-16F7-4668-BE54-9A1E7A4F7556}") = "ConsoleUI", "ConsoleUI\ConsoleUI.csproj", "{EB0F2ACE-A0F6-416A-9F2F-5E550936DD09}"
EndProject
Project("{9A19103F-16F7-4668-BE54-9A1E7A4F7556}") = "Core", "Core\Core.csproj", "{0DC1177A-72AD-4052-9226-08EB5DE801AB}"
EndProject
Project("{FAE04EC0-301F-11D3-BF4B-00C04F79EFBC}") = "WebAPI", "WebAPI\WebAPI.csproj", "{392E857B-D4CC-4CC0-ABE0-CBB2AD2BB9FA}"
EndProject
Global
	GlobalSection(SolutionConfigurationPlatforms) = preSolution
		Debug|Any CPU = Debug|Any CPU
		Release|Any CPU = Release|Any CPU
	EndGlobalSection
	GlobalSection(ProjectConfigurationPlatforms) = postSolution
		{EF60C7A6-DFB3-418A-8526-97D941E11E69}.Debug|Any CPU.ActiveCfg = Debug|Any CPU
		{EF60C7A6-DFB3-418A-8526-97D941E11E69}.Debug|Any CPU.Build.0 = Debug|Any CPU
		{EF60C7A6-DFB3-418A-8526-97D941E11E69}.Release|Any CPU.ActiveCfg = Release|Any CPU
		{EF60C7A6-DFB3-418A-8526-97D941E11E69}.Release|Any CPU.Build.0 = Release|Any CPU
		{843464E7-E679-4D77-95D1-217021671F44}.Debug|Any CPU.ActiveCfg = Debug|Any CPU
		{843464E7-E679-4D77-95D1-217021671F44}.Debug|Any CPU.Build.0 = Debug|Any CPU
		{843464E7-E679-4D77-95D1-217021671F44}.Release|Any CPU.ActiveCfg = Release|Any CPU
		{843464E7-E679-4D77-95D1-217021671F44}.Release|Any CPU.Build.0 = Release|Any CPU
		{8673BF99-3E32-4CB8-B4C1-50F9EF9E6762}.Debug|Any CPU.ActiveCfg = Debug|Any CPU
		{8673BF99-3E32-4CB8-B4C1-50F9EF9E6762}.Debug|Any CPU.Build.0 = Debug|Any CPU
		{8673BF99-3E32-4CB8-B4C1-50F9EF9E6762}.Release|Any CPU.ActiveCfg = Release|Any CPU
		{8673BF99-3E32-4CB8-B4C1-50F9EF9E6762}.Release|Any CPU.Build.0 = Release|Any CPU
		{EB0F2ACE-A0F6-416A-9F2F-5E550936DD09}.Debug|Any CPU.ActiveCfg = Debug|Any CPU
		{EB0F2ACE-A0F6-416A-9F2F-5E550936DD09}.Debug|Any CPU.Build.0 = Debug|Any CPU
		{EB0F2ACE-A0F6-416A-9F2F-5E550936DD09}.Release|Any CPU.ActiveCfg = Release|Any CPU
		{EB0F2ACE-A0F6-416A-9F2F-5E550936DD09}.Release|Any CPU.Build.0 = Release|Any CPU
		{0DC1177A-72AD-4052-9226-08EB5DE801AB}.Debug|Any CPU.ActiveCfg = Debug|Any CPU
		{0DC1177A-72AD-4052-9226-08EB5DE801AB}.Debug|Any CPU.Build.0 = Debug|Any CPU
		{0DC1177A-72AD-4052-9226-08EB5DE801AB}.Release|Any CPU.ActiveCfg = Release|Any CPU
		{0DC1177A-72AD-4052-9226-08EB5DE801AB}.Release|Any CPU.Build.0 = Release|Any CPU
		{392E857B-D4CC-4CC0-ABE0-CBB2AD2BB9FA}.Debug|Any CPU.ActiveCfg = Debug|Any CPU
		{392E857B-D4CC-4CC0-ABE0-CBB2AD2BB9FA}.Debug|Any CPU.Build.0 = Debug|Any CPU
		{392E857B-D4CC-4CC0-ABE0-CBB2AD2BB9FA}.Release|Any CPU.ActiveCfg = Release|Any CPU
		{392E857B-D4CC-4CC0-ABE0-CBB2AD2BB9FA}.Release|Any CPU.Build.0 = Release|Any CPU
	EndGlobalSection
	GlobalSection(SolutionProperties) = preSolution
		HideSolutionNode = FALSE
	EndGlobalSection
	GlobalSection(ExtensibilityGlobals) = postSolution
		SolutionGuid = {A5B6340F-D2F9-4E51-B417-8000B1872BE4}
	EndGlobalSection
EndGlobal
